
Microsoft Visual Studio Solution File, Format Version 12.00
# Visual Studio Version 17
VisualStudioVersion = 17.14.36518.9
MinimumVisualStudioVersion = 10.0.40219.1
Project("{FAE04EC0-301F-11D3-BF4B-00C04F79EFBC}") = "Buoi10_Bai_1", "Buoi10_Bai_1\Buoi10_Bai_1.csproj", "{5F4719F1-71CE-432A-8478-A2EECE0CCD84}"
EndProject
Project("{FAE04EC0-301F-11D3-BF4B-00C04F79EFBC}") = "Buoi11_BaiTap", "Buoi11_BaiTap\Buoi11_BaiTap.csproj", "{CB9482D8-FA04-4086-99DF-E488538D3DFC}"
EndProject
Global
	GlobalSection(SolutionConfigurationPlatforms) = preSolution
		Debug|Any CPU = Debug|Any CPU
		Release|Any CPU = Release|Any CPU
	EndGlobalSection
	GlobalSection(ProjectConfigurationPlatforms) = postSolution
		{5F4719F1-71CE-432A-8478-A2EECE0CCD84}.Debug|Any CPU.ActiveCfg = Debug|Any CPU
		{5F4719F1-71CE-432A-8478-A2EECE0CCD84}.Debug|Any CPU.Build.0 = Debug|Any CPU
		{5F4719F1-71CE-432A-8478-A2EECE0CCD84}.Release|Any CPU.ActiveCfg = Release|Any CPU
		{5F4719F1-71CE-432A-8478-A2EECE0CCD84}.Release|Any CPU.Build.0 = Release|Any CPU
		{CB9482D8-FA04-4086-99DF-E488538D3DFC}.Debug|Any CPU.ActiveCfg = Debug|Any CPU
		{CB9482D8-FA04-4086-99DF-E488538D3DFC}.Debug|Any CPU.Build.0 = Debug|Any CPU
		{CB9482D8-FA04-4086-99DF-E488538D3DFC}.Release|Any CPU.ActiveCfg = Release|Any CPU
		{CB9482D8-FA04-4086-99DF-E488538D3DFC}.Release|Any CPU.Build.0 = Release|Any CPU
	EndGlobalSection
	GlobalSection(SolutionProperties) = preSolution
		HideSolutionNode = FALSE
	EndGlobalSection
	GlobalSection(ExtensibilityGlobals) = postSolution
		SolutionGuid = {95F0FFEB-2D18-49E1-8F30-6C4339E7A9A7}
	EndGlobalSection
EndGlobal
